
Microsoft Visual Studio Solution File, Format Version 12.00
# Visual Studio Version 17
VisualStudioVersion = 17.13.35825.156
MinimumVisualStudioVersion = 10.0.40219.1
Project("{F184B08F-C81C-45F6-A57F-5ABD9991F28F}") = "Diagram", "Diagram\Diagram.vbproj", "{63AB2E7E-770D-4A78-86FB-EE07D419F14D}"
EndProject
Project("{FAE04EC0-301F-11D3-BF4B-00C04F79EFBC}") = "Web", "Web\Web.csproj", "{5A856479-6081-41CB-8D1E-422254D9936E}"
EndProject
Project("{FAE04EC0-301F-11D3-BF4B-00C04F79EFBC}") = "Utilities", "Utilities\Utilities.csproj", "{6A2C1390-9F1D-46C6-890B-7A34CEB1B17B}"
EndProject
Project("{FAE04EC0-301F-11D3-BF4B-00C04F79EFBC}") = "Entity", "Entity\Entity.csproj", "{EF7D1982-E0E4-4EFC-B03B-4CAD5A0F0C98}"
EndProject
Project("{FAE04EC0-301F-11D3-BF4B-00C04F79EFBC}") = "Data", "Data\Data.csproj", "{F5FA6394-B758-4D6A-9534-A4CD9D899241}"
EndProject
Project("{FAE04EC0-301F-11D3-BF4B-00C04F79EFBC}") = "Business", "Business\Business.csproj", "{7F0FACC0-54DC-47AC-ADF6-A8057E2C597C}"
EndProject
Global
	GlobalSection(SolutionConfigurationPlatforms) = preSolution
		Debug|Any CPU = Debug|Any CPU
		Release|Any CPU = Release|Any CPU
	EndGlobalSection
	GlobalSection(ProjectConfigurationPlatforms) = postSolution
		{63AB2E7E-770D-4A78-86FB-EE07D419F14D}.Debug|Any CPU.ActiveCfg = Debug|Any CPU
		{63AB2E7E-770D-4A78-86FB-EE07D419F14D}.Debug|Any CPU.Build.0 = Debug|Any CPU
		{63AB2E7E-770D-4A78-86FB-EE07D419F14D}.Release|Any CPU.ActiveCfg = Release|Any CPU
		{63AB2E7E-770D-4A78-86FB-EE07D419F14D}.Release|Any CPU.Build.0 = Release|Any CPU
		{5A856479-6081-41CB-8D1E-422254D9936E}.Debug|Any CPU.ActiveCfg = Debug|Any CPU
		{5A856479-6081-41CB-8D1E-422254D9936E}.Debug|Any CPU.Build.0 = Debug|Any CPU
		{5A856479-6081-41CB-8D1E-422254D9936E}.Release|Any CPU.ActiveCfg = Release|Any CPU
		{5A856479-6081-41CB-8D1E-422254D9936E}.Release|Any CPU.Build.0 = Release|Any CPU
		{6A2C1390-9F1D-46C6-890B-7A34CEB1B17B}.Debug|Any CPU.ActiveCfg = Debug|Any CPU
		{6A2C1390-9F1D-46C6-890B-7A34CEB1B17B}.Debug|Any CPU.Build.0 = Debug|Any CPU
		{6A2C1390-9F1D-46C6-890B-7A34CEB1B17B}.Release|Any CPU.ActiveCfg = Release|Any CPU
		{6A2C1390-9F1D-46C6-890B-7A34CEB1B17B}.Release|Any CPU.Build.0 = Release|Any CPU
		{EF7D1982-E0E4-4EFC-B03B-4CAD5A0F0C98}.Debug|Any CPU.ActiveCfg = Debug|Any CPU
		{EF7D1982-E0E4-4EFC-B03B-4CAD5A0F0C98}.Debug|Any CPU.Build.0 = Debug|Any CPU
		{EF7D1982-E0E4-4EFC-B03B-4CAD5A0F0C98}.Release|Any CPU.ActiveCfg = Release|Any CPU
		{EF7D1982-E0E4-4EFC-B03B-4CAD5A0F0C98}.Release|Any CPU.Build.0 = Release|Any CPU
		{F5FA6394-B758-4D6A-9534-A4CD9D899241}.Debug|Any CPU.ActiveCfg = Debug|Any CPU
		{F5FA6394-B758-4D6A-9534-A4CD9D899241}.Debug|Any CPU.Build.0 = Debug|Any CPU
		{F5FA6394-B758-4D6A-9534-A4CD9D899241}.Release|Any CPU.ActiveCfg = Release|Any CPU
		{F5FA6394-B758-4D6A-9534-A4CD9D899241}.Release|Any CPU.Build.0 = Release|Any CPU
		{7F0FACC0-54DC-47AC-ADF6-A8057E2C597C}.Debug|Any CPU.ActiveCfg = Debug|Any CPU
		{7F0FACC0-54DC-47AC-ADF6-A8057E2C597C}.Debug|Any CPU.Build.0 = Debug|Any CPU
		{7F0FACC0-54DC-47AC-ADF6-A8057E2C597C}.Release|Any CPU.ActiveCfg = Release|Any CPU
		{7F0FACC0-54DC-47AC-ADF6-A8057E2C597C}.Release|Any CPU.Build.0 = Release|Any CPU
	EndGlobalSection
	GlobalSection(SolutionProperties) = preSolution
		HideSolutionNode = FALSE
	EndGlobalSection
	GlobalSection(ExtensibilityGlobals) = postSolution
		SolutionGuid = {18C60D8D-3AD5-42D6-9E38-A076E467D60C}
	EndGlobalSection
EndGlobal
